
Microsoft Visual Studio Solution File, Format Version 12.00
# Visual Studio Version 16
VisualStudioVersion = 16.0.29728.190
MinimumVisualStudioVersion = 10.0.40219.1
Project("{9A19103F-16F7-4668-BE54-9A1E7A4F7556}") = "DailyAutoRun", "DailyAutoRun\DailyAutoRun.csproj", "{36817409-E534-4FA3-958F-05F68DAF24F7}"
EndProject
Project("{9A19103F-16F7-4668-BE54-9A1E7A4F7556}") = "HelloWorld", "HelloWorld\HelloWorld.csproj", "{C0AD295F-CBC5-48E1-93FF-C87DBF526DE6}"
EndProject
Project("{FAE04EC0-301F-11D3-BF4B-00C04F79EFBC}") = "Grades.Tests", "Grades.Tests\Grades.Tests.csproj", "{22742E6D-4DAC-4629-95E7-E9790645FEB0}"
EndProject
Project("{FAE04EC0-301F-11D3-BF4B-00C04F79EFBC}") = "CSharp-Generics", "CSharp-Generics\CSharp-Generics.csproj", "{6BACF903-2AE3-4C6D-90EC-677B2CD88AC3}"
EndProject
Project("{FAE04EC0-301F-11D3-BF4B-00C04F79EFBC}") = "TestNewFeature", "TestNewFeature\TestNewFeature.csproj", "{17456417-A5D7-422D-B631-90B17E967948}"
EndProject
Project("{FAE04EC0-301F-11D3-BF4B-00C04F79EFBC}") = "CSharpFundamental2", "CSharpFunddamental2\CSharpFundamental2.csproj", "{30BF5B97-5CD0-4690-B4D0-DA495E654A26}"
EndProject
Project("{FAE04EC0-301F-11D3-BF4B-00C04F79EFBC}") = "CSharpFundamental1", "Grades\CSharpFundamental1.csproj", "{61A90493-E795-4BAD-A34E-ED36BEF43B24}"
EndProject
Project("{FAE04EC0-301F-11D3-BF4B-00C04F79EFBC}") = "LINQFundamental", "ConsoleApp1\LINQFundamental.csproj", "{C72527DF-7E83-4EE5-9B7A-8D8A7D25F3AD}"
EndProject
Project("{FAE04EC0-301F-11D3-BF4B-00C04F79EFBC}") = "OOPFundamental", "OOPFundamental\OOPFundamental.csproj", "{4B65425C-7055-4FE2-BAE2-AE1E5B886682}"
EndProject
Project("{2150E333-8FDC-42A3-9474-1A3956D46DE8}") = "Test", "Test", "{8148ACF5-556B-418D-A1E9-F57955BDB3E5}"
EndProject
Project("{FAE04EC0-301F-11D3-BF4B-00C04F79EFBC}") = "OOPFundamentalTest", "OOPFundamentalTest\OOPFundamentalTest.csproj", "{970CFF6C-2D06-4457-ABE0-805547D44774}"
EndProject
Project("{2150E333-8FDC-42A3-9474-1A3956D46DE8}") = "Common", "Common", "{4BADE12B-0B23-4008-9C7C-553D199F914B}"
EndProject
Project("{FAE04EC0-301F-11D3-BF4B-00C04F79EFBC}") = "OOPFundamentalCommon", "OOPFundamentalCommom\OOPFundamentalCommon.csproj", "{47887A69-0995-4B18-B54B-3D9455CEDA20}"
EndProject
Project("{FAE04EC0-301F-11D3-BF4B-00C04F79EFBC}") = "CSharp-Collection-Beginning", "CSharp-Collection-Beginning\CSharp-Collection-Beginning.csproj", "{927D9C05-72BA-4781-8844-0B6DE4C312E2}"
EndProject
Project("{FAE04EC0-301F-11D3-BF4B-00C04F79EFBC}") = "DatesAndTimeInDotNet", "DatesAndTimeInDotNet\DatesAndTimeInDotNet.csproj", "{466BECF4-FEBE-49E6-B1AC-370422526F36}"
EndProject
Project("{FAE04EC0-301F-11D3-BF4B-00C04F79EFBC}") = "WorkingWithNull", "WorkingWithNull\WorkingWithNull.csproj", "{B3203A8F-680A-44C2-90CA-FD8519A5024A}"
EndProject
Project("{9A19103F-16F7-4668-BE54-9A1E7A4F7556}") = "WorkingWithNull-Core", "WorkingWithNull-Core\WorkingWithNull-Core.csproj", "{27449435-7755-47CA-8BCE-D008AB59EEDA}"
EndProject
Project("{FAE04EC0-301F-11D3-BF4B-00C04F79EFBC}") = "ErrorHandlingWithException", "ErrorHandlingWithException\ErrorHandlingWithException.csproj", "{63150B2B-EF96-4758-A820-C2C78A5AD219}"
EndProject
Project("{9A19103F-16F7-4668-BE54-9A1E7A4F7556}") = "ErrorHandllingWithException.Tests", "ErrorHandllingWithException.Tests\ErrorHandllingWithException.Tests.csproj", "{9029E480-6E54-4B0D-8E9D-B7633E54636D}"
EndProject
Project("{FAE04EC0-301F-11D3-BF4B-00C04F79EFBC}") = "ErrorHandlingWithException.Tests.DotNetFramework", "ErrorHandlingWithException.Tests.DotNetFramework\ErrorHandlingWithException.Tests.DotNetFramework.csproj", "{02576F09-A53E-4B54-BB8B-2950F498EF99}"
EndProject
Project("{FAE04EC0-301F-11D3-BF4B-00C04F79EFBC}") = "CSharp-Interface", "CSharp-Interface\CSharp-Interface.csproj", "{32EAD39A-99F2-4338-9C2D-4B462CD85D82}"
EndProject
Project("{2150E333-8FDC-42A3-9474-1A3956D46DE8}") = "CSharp-Interface-PeopleViewer", "CSharp-Interface-PeopleViewer", "{D2DF0BFD-3EB7-4B8F-AF03-1FD40B5C5AED}"
EndProject
Project("{9A19103F-16F7-4668-BE54-9A1E7A4F7556}") = "People.Service", "CSharp-Interface\Extensibility\People.Service\People.Service.csproj", "{AB8D9D7A-03FB-4FE0-9073-BB0A7CB3422A}"
EndProject
Project("{FAE04EC0-301F-11D3-BF4B-00C04F79EFBC}") = "PeopleViewer", "CSharp-Interface\Extensibility\PeopleViewer\PeopleViewer.csproj", "{B09ED0A5-BD38-4AA1-BF39-2F734D5B5EEB}"
EndProject
Project("{9A19103F-16F7-4668-BE54-9A1E7A4F7556}") = "PersonRepository.CSV", "CSharp-Interface\Extensibility\PersonRepository.CSV\PersonRepository.CSV.csproj", "{57736DE5-8C4A-49FB-9289-2BE05E5EBB62}"
EndProject
Project("{9A19103F-16F7-4668-BE54-9A1E7A4F7556}") = "PersonRepository.Factory", "CSharp-Interface\Extensibility\PersonRepository.Factory\PersonRepository.Factory.csproj", "{99812D43-C22D-4D78-881A-E62BB2EB604C}"
EndProject
Project("{9A19103F-16F7-4668-BE54-9A1E7A4F7556}") = "PersonRepository.Interface", "CSharp-Interface\Extensibility\PersonRepository.Interface\PersonRepository.Interface.csproj", "{BFF0D7E1-8617-42BD-950B-8D859F832077}"
EndProject
Project("{9A19103F-16F7-4668-BE54-9A1E7A4F7556}") = "PersonRepository.Service", "CSharp-Interface\Extensibility\PersonRepository.Service\PersonRepository.Service.csproj", "{F7BD2721-4428-45EA-A341-5B8F3A441C1B}"
EndProject
Project("{9A19103F-16F7-4668-BE54-9A1E7A4F7556}") = "PersonRepository.SQL", "CSharp-Interface\Extensibility\PersonRepository.SQL\PersonRepository.SQL.csproj", "{1968B5E5-84B5-4557-B33A-BF727E32B5BC}"
EndProject
Project("{2150E333-8FDC-42A3-9474-1A3956D46DE8}") = "Part3", "Part3", "{AB4F7006-4AAF-4820-9A2E-CCD9BA1F9079}"
EndProject
Project("{2150E333-8FDC-42A3-9474-1A3956D46DE8}") = "Part4", "Part4", "{1F39B29D-A872-41FE-B755-C3BDF62670F3}"
	ProjectSection(SolutionItems) = preProject
		CSharp-Interface\DynamicLoading\DynamicLoading.sln = CSharp-Interface\DynamicLoading\DynamicLoading.sln
	EndProjectSection
EndProject
Project("{2150E333-8FDC-42A3-9474-1A3956D46DE8}") = "Part7-Ninjection", "Part7-Ninjection", "{323F3763-C0C8-4694-B3DA-D371705F5471}"
	ProjectSection(SolutionItems) = preProject
		CSharp-Interface\LooseCoupling\LooseCoupling.sln = CSharp-Interface\LooseCoupling\LooseCoupling.sln
	EndProjectSection
EndProject
Project("{2150E333-8FDC-42A3-9474-1A3956D46DE8}") = "Part6-Segregation", "Part6-Segregation", "{2945FB30-35B9-41AD-90D5-33B4A7188D86}"
	ProjectSection(SolutionItems) = preProject
		CSharp-Interface\Extensibility-Segregation\Extensibility.sln = CSharp-Interface\Extensibility-Segregation\Extensibility.sln
	EndProjectSection
EndProject
Project("{FAE04EC0-301F-11D3-BF4B-00C04F79EFBC}") = "CSharp-ExtensionMethod.Framework", "CSharp-ExtensionMethod\CSharp-ExtensionMethod.Framework.csproj", "{E424A8A9-3B89-41F1-8AEB-4A2F86FAD274}"
EndProject
Project("{9A19103F-16F7-4668-BE54-9A1E7A4F7556}") = "CSharp-ExtensionMethod.Stand", "CSharp-ExtensionMethod.Stand\CSharp-ExtensionMethod.Stand.csproj", "{F51AC757-AD0B-4909-9C56-CC074FC36E1B}"
EndProject
Project("{2150E333-8FDC-42A3-9474-1A3956D46DE8}") = "CSharp-ExtensionMethod", "CSharp-ExtensionMethod", "{CC8FD754-6852-44A0-BF1E-8FC94730C592}"
	ProjectSection(SolutionItems) = preProject
		Readme-Extension.txt = Readme-Extension.txt
	EndProjectSection
EndProject
Project("{9A19103F-16F7-4668-BE54-9A1E7A4F7556}") = "CSharp-ExtensionMethod.Tests", "CSharp-ExtensionMethod.Tests\CSharp-ExtensionMethod.Tests.csproj", "{5E047CBB-1D82-4E2C-A127-D2CE7D3D15EE}"
EndProject
Project("{2150E333-8FDC-42A3-9474-1A3956D46DE8}") = "CSharp-Event-Delegates", "CSharp-Event-Delegates", "{7C347B07-6BF9-4280-97FC-C94F9DAB55D5}"
	ProjectSection(SolutionItems) = preProject
		Readme-Events-Delegates-Lamdbas.txt = Readme-Events-Delegates-Lamdbas.txt
	EndProjectSection
EndProject
Project("{2150E333-8FDC-42A3-9474-1A3956D46DE8}") = "Part1", "Part1", "{7A5A8A20-9C90-481B-AC01-A74C704A9605}"
EndProject
Project("{FAE04EC0-301F-11D3-BF4B-00C04F79EFBC}") = "BasicWebEvents", "CSharp-Event-Delegate\BasicEvents\BasicWebEvents\BasicWebEvents.csproj", "{0B53AB55-38A7-4F8B-8B75-442B16F0AB9E}"
EndProject
Project("{FAE04EC0-301F-11D3-BF4B-00C04F79EFBC}") = "BasicWindowsEvents", "CSharp-Event-Delegate\BasicEvents\BasicWindowsEvents\BasicWindowsEvents.csproj", "{A8F34E0C-91B9-475C-9899-B1BBB64E88FE}"
EndProject
Project("{2150E333-8FDC-42A3-9474-1A3956D46DE8}") = "ProgrammingInCSharp-70-483", "ProgrammingInCSharp-70-483", "{3BCFA2D9-FEBD-47AB-9878-2AB3EE659F43}"
EndProject
Project("{FAE04EC0-301F-11D3-BF4B-00C04F79EFBC}") = "ChapterOne", "ChapterOne\ChapterOne.csproj", "{A533D8A2-C46D-4375-8DC6-0874818F0A2D}"
EndProject
Project("{FAE04EC0-301F-11D3-BF4B-00C04F79EFBC}") = "CSharpEventsAndDelegates", "CSharpEventsAndDelegates\CSharpEventsAndDelegates.csproj", "{C88570E9-836E-4C07-915B-3CD79AB60A9F}"
EndProject
Project("{2150E333-8FDC-42A3-9474-1A3956D46DE8}") = "Part5", "Part5", "{D9620EBF-4DE1-40F7-A42C-A8B716783303}"
EndProject
Project("{FAE04EC0-301F-11D3-BF4B-00C04F79EFBC}") = "TheadsAndDelegates", "CSharpEventsAndDelegates\AsyncDelegatesAndThreading\AsyncDelegatesAndThreading\TheadsAndDelegates.csproj", "{0D0E29E4-AE37-4058-8159-E7D67C8DDB9C}"
EndProject
Project("{FAE04EC0-301F-11D3-BF4B-00C04F79EFBC}") = "CommunicatingBetweenControls", "CSharpEventsAndDelegates\CommunicatingBetweenControls\CommunicatingBetweenControls\CommunicatingBetweenControls.csproj", "{CD8CBEB6-507B-4758-8A6E-C4A7026E6259}"
EndProject
Project("{2150E333-8FDC-42A3-9474-1A3956D46DE8}") = "CSharp-Collection-Advanced", "CSharp-Collection-Advanced", "{26464DFD-1D2D-4D58-ABFF-D68254CE7505}"
	ProjectSection(SolutionItems) = preProject
		Readme-CSharp-Collection-Advanced.txt = Readme-CSharp-Collection-Advanced.txt
	EndProjectSection
EndProject
Project("{FAE04EC0-301F-11D3-BF4B-00C04F79EFBC}") = "TourBooker.UI", "CSharp-Collection-Advanced\TourBooker\TourBooker.UI\TourBooker.UI.csproj", "{D021A1A5-6FC2-4C7C-8E13-9D8228461CD9}"
EndProject
Project("{FAE04EC0-301F-11D3-BF4B-00C04F79EFBC}") = "TourBooker.Logic", "CSharp-Collection-Advanced\TourBooker\TourBooker.Logic\TourBooker.Logic.csproj", "{77BB6516-4E38-4461-8CCD-02C12FF7D0E2}"
EndProject
Project("{2150E333-8FDC-42A3-9474-1A3956D46DE8}") = "CSharp-TipsAndTrap", "CSharp-TipsAndTrap", "{1B100027-8EB9-4D88-9224-1F86251B9027}"
EndProject
Project("{FAE04EC0-301F-11D3-BF4B-00C04F79EFBC}") = "CSharp-TipsAndTrap", "CSharp-TipsAndTrap\CSharp-TipsAndTrap.csproj", "{517505BA-4E9F-4D73-836A-AC838040157D}"
EndProject
Project("{FAE04EC0-301F-11D3-BF4B-00C04F79EFBC}") = "CSharp-TipsAndTrap.Part4", "CSharp-TipsAndTrap.Part4\CSharp-TipsAndTrap.Part4.csproj", "{AEBB4B34-5031-43E4-9A7B-114514B3CE69}"
EndProject
Project("{2150E333-8FDC-42A3-9474-1A3956D46DE8}") = "CSharp-ConcurrentCollections", "CSharp-ConcurrentCollections", "{A8972857-91EF-4C9F-9ACF-3DF95F15B692}"
EndProject
Project("{FAE04EC0-301F-11D3-BF4B-00C04F79EFBC}") = "CSharp-ConcurrentCollections", "CSharp-ConcurrentCollections\CSharp-ConcurrentCollections.csproj", "{28D81ADB-0456-4DB3-A93D-5BF4D3C17907}"
EndProject
Project("{2150E333-8FDC-42A3-9474-1A3956D46DE8}") = "CSharp-Fundamental-Channel", "CSharp-Fundamental-Channel", "{49C861CE-0353-442E-BAB3-46D9424DB4F8}"
EndProject
Project("{2150E333-8FDC-42A3-9474-1A3956D46DE8}") = "CSharp-Partice-Channel", "CSharp-Partice-Channel", "{37286815-88CB-486C-9421-D267EA8BDBE4}"
EndProject
Project("{2150E333-8FDC-42A3-9474-1A3956D46DE8}") = "CleanCode", "CleanCode", "{8FE2D9C4-FBED-4CC6-87D8-C0625602B035}"
EndProject
Project("{FAE04EC0-301F-11D3-BF4B-00C04F79EFBC}") = "ChapterTwo", "ChapterTwo\ChapterTwo.csproj", "{9A428E48-F5EB-4B18-A27C-5ABCFFB4433E}"
EndProject
Project("{2150E333-8FDC-42A3-9474-1A3956D46DE8}") = "CSharp-Design-Parttern", "CSharp-Design-Parttern", "{9C8B07C4-416D-4BFE-A8C2-4B3A036CB4CB}"
EndProject
Project("{FAE04EC0-301F-11D3-BF4B-00C04F79EFBC}") = "State Design Pattern", "CSharp-Design-Pattern\State Design Pattern\State Design Pattern\State Design Pattern.csproj", "{2C518DBD-B24B-4C62-AC55-6C0D55FF8BD2}"
EndProject
Project("{9A19103F-16F7-4668-BE54-9A1E7A4F7556}") = "Strategy Pattern Using different shipping providers", "CSharp-Design-Pattern\c-sharp-design-patterns-strategy\Strategy Pattern Using different shipping providers.csproj", "{AF2085B9-DFB3-41C9-8437-37E5B75D3C9C}"
EndProject
Project("{2150E333-8FDC-42A3-9474-1A3956D46DE8}") = "Mediator", "Mediator", "{5B556CC4-22DA-4253-BB1F-84D22FF35052}"
	ProjectSection(SolutionItems) = preProject
		Readme-Mediator.txt = Readme-Mediator.txt
	EndProjectSection
EndProject
Project("{9A19103F-16F7-4668-BE54-9A1E7A4F7556}") = "MarkerPositions", "CSharp-Design-Pattern\Mediator\MarkerPositions\MarkerPositions.csproj", "{F1C5A946-5740-4B8B-B145-2FE8FD20129A}"
EndProject
Project("{9A19103F-16F7-4668-BE54-9A1E7A4F7556}") = "MediatorDemo", "CSharp-Design-Pattern\Mediator\MediatorDemo\MediatorDemo.csproj", "{DA8DCA3F-83D8-4848-B574-34DEBB1BEF60}"
EndProject
Project("{9A19103F-16F7-4668-BE54-9A1E7A4F7556}") = "MediatRDemo", "CSharp-Design-Pattern\Mediator\MediatRDemo\MediatRDemo.csproj", "{C9548F77-08C3-40A3-AF5F-F7272B2B7382}"
EndProject
Project("{2150E333-8FDC-42A3-9474-1A3956D46DE8}") = "c-sharp-command-pattern", "c-sharp-command-pattern", "{492181FF-2D53-4EA7-9953-898AD401A893}"
	ProjectSection(SolutionItems) = preProject
		Readme-CommandPattern.txt = Readme-CommandPattern.txt
	EndProjectSection
EndProject
Project("{FAE04EC0-301F-11D3-BF4B-00C04F79EFBC}") = "ShoppingCart.Windows", "CSharp-Design-Pattern\c-sharp-command-pattern\ShoppingCart.Windows\ShoppingCart.Windows.csproj", "{F2B3BD3E-28CD-417E-B459-195FE4700AD1}"
EndProject
Project("{9A19103F-16F7-4668-BE54-9A1E7A4F7556}") = "ShoppingCart.Business", "CSharp-Design-Pattern\c-sharp-command-pattern\ShoppingCart.Business\ShoppingCart.Business.csproj", "{23843270-6975-48C7-B558-765B192D2E21}"
EndProject
Project("{9A19103F-16F7-4668-BE54-9A1E7A4F7556}") = "ShoppingCart", "CSharp-Design-Pattern\c-sharp-command-pattern\ShoppingCart\ShoppingCart.csproj", "{9447D5F4-7FFE-451E-80B9-7F51B66AE27F}"
EndProject
Project("{2150E333-8FDC-42A3-9474-1A3956D46DE8}") = "CSharp-Coding-Pratice", "CSharp-Coding-Pratice", "{476F12A3-5DC6-4C5A-AE93-188CFC8C0EF3}"
EndProject
Project("{2150E333-8FDC-42A3-9474-1A3956D46DE8}") = "DefensiveCoding", "DefensiveCoding", "{6C3D1E03-AFB2-4285-9227-3DFB51EE703F}"
	ProjectSection(SolutionItems) = preProject
		Readme-DefensiveCoding.txt = Readme-DefensiveCoding.txt
	EndProjectSection
EndProject
Project("{FAE04EC0-301F-11D3-BF4B-00C04F79EFBC}") = "CleanCodePrinciples", "CSharp-Coding-Partice\CleanCodePrinciples\CleanCodePrinciples.csproj", "{EEF818AF-062E-40A2-95D6-EC19F6518F64}"
EndProject
Project("{9A19103F-16F7-4668-BE54-9A1E7A4F7556}") = "APM.MVC", "CSharp-Coding-Partice\DefensiveCoding\APM.MVC\APM.MVC.csproj", "{00F5F5C0-1D7B-45EB-8F6F-ADA93BE2218F}"
EndProject
Project("{9A19103F-16F7-4668-BE54-9A1E7A4F7556}") = "APM.SL", "CSharp-Coding-Partice\DefensiveCoding\APM.SL\APM.SL.csproj", "{D9887F1D-C555-49FC-9EA4-8A1EB6E7C86D}"
EndProject
Project("{9A19103F-16F7-4668-BE54-9A1E7A4F7556}") = "APM.SL.Test", "CSharp-Coding-Partice\DefensiveCoding\APM.SL.Test\APM.SL.Test.csproj", "{DEF69725-506B-49F9-91AB-4EE10700CBA4}"
EndProject
Project("{9A19103F-16F7-4668-BE54-9A1E7A4F7556}") = "APM.Utilities", "CSharp-Coding-Partice\DefensiveCoding\APM.Utilities\APM.Utilities.csproj", "{D3845B28-F016-4B41-80AD-3FA061B9F152}"
EndProject
Project("{9A19103F-16F7-4668-BE54-9A1E7A4F7556}") = "APM.Utilities.Test", "CSharp-Coding-Partice\DefensiveCoding\APM.Utilities.Test\APM.Utilities.Test.csproj", "{46352FBE-9213-4A9F-B059-9832CE36F9FD}"
EndProject
Project("{2150E333-8FDC-42A3-9474-1A3956D46DE8}") = "Refactoring", "Refactoring", "{916C07D5-6906-4BD7-B665-1EC43022065F}"
EndProject
Project("{9A19103F-16F7-4668-BE54-9A1E7A4F7556}") = "RefactoringSamples", "CSharp-Coding-Partice\Refactoring\RefactoringSamples\RefactoringSamples.csproj", "{1D1E008D-BF2C-4B5C-94D6-AA957A87110C}"
EndProject
Project("{2150E333-8FDC-42A3-9474-1A3956D46DE8}") = "SelfFunctions", "SelfFunctions", "{B44B88BC-FC71-4CB7-9BC8-FECC32D0CE14}"
EndProject
Project("{FAE04EC0-301F-11D3-BF4B-00C04F79EFBC}") = "ReadCSV", "ReadCSV\ReadCSV.csproj", "{6F779C67-A3CE-4858-8EC9-8FD53DC6C0BB}"
EndProject
Global
	GlobalSection(SolutionConfigurationPlatforms) = preSolution
		Debug|Any CPU = Debug|Any CPU
		Release|Any CPU = Release|Any CPU
	EndGlobalSection
	GlobalSection(ProjectConfigurationPlatforms) = postSolution
		{36817409-E534-4FA3-958F-05F68DAF24F7}.Debug|Any CPU.ActiveCfg = Debug|Any CPU
		{36817409-E534-4FA3-958F-05F68DAF24F7}.Debug|Any CPU.Build.0 = Debug|Any CPU
		{36817409-E534-4FA3-958F-05F68DAF24F7}.Release|Any CPU.ActiveCfg = Release|Any CPU
		{36817409-E534-4FA3-958F-05F68DAF24F7}.Release|Any CPU.Build.0 = Release|Any CPU
		{C0AD295F-CBC5-48E1-93FF-C87DBF526DE6}.Debug|Any CPU.ActiveCfg = Debug|Any CPU
		{C0AD295F-CBC5-48E1-93FF-C87DBF526DE6}.Debug|Any CPU.Build.0 = Debug|Any CPU
		{C0AD295F-CBC5-48E1-93FF-C87DBF526DE6}.Release|Any CPU.ActiveCfg = Release|Any CPU
		{C0AD295F-CBC5-48E1-93FF-C87DBF526DE6}.Release|Any CPU.Build.0 = Release|Any CPU
		{22742E6D-4DAC-4629-95E7-E9790645FEB0}.Debug|Any CPU.ActiveCfg = Debug|Any CPU
		{22742E6D-4DAC-4629-95E7-E9790645FEB0}.Debug|Any CPU.Build.0 = Debug|Any CPU
		{22742E6D-4DAC-4629-95E7-E9790645FEB0}.Release|Any CPU.ActiveCfg = Release|Any CPU
		{22742E6D-4DAC-4629-95E7-E9790645FEB0}.Release|Any CPU.Build.0 = Release|Any CPU
		{6BACF903-2AE3-4C6D-90EC-677B2CD88AC3}.Debug|Any CPU.ActiveCfg = Debug|Any CPU
		{6BACF903-2AE3-4C6D-90EC-677B2CD88AC3}.Debug|Any CPU.Build.0 = Debug|Any CPU
		{6BACF903-2AE3-4C6D-90EC-677B2CD88AC3}.Release|Any CPU.ActiveCfg = Release|Any CPU
		{6BACF903-2AE3-4C6D-90EC-677B2CD88AC3}.Release|Any CPU.Build.0 = Release|Any CPU
		{17456417-A5D7-422D-B631-90B17E967948}.Debug|Any CPU.ActiveCfg = Debug|Any CPU
		{17456417-A5D7-422D-B631-90B17E967948}.Debug|Any CPU.Build.0 = Debug|Any CPU
		{17456417-A5D7-422D-B631-90B17E967948}.Release|Any CPU.ActiveCfg = Release|Any CPU
		{17456417-A5D7-422D-B631-90B17E967948}.Release|Any CPU.Build.0 = Release|Any CPU
		{30BF5B97-5CD0-4690-B4D0-DA495E654A26}.Debug|Any CPU.ActiveCfg = Debug|Any CPU
		{30BF5B97-5CD0-4690-B4D0-DA495E654A26}.Debug|Any CPU.Build.0 = Debug|Any CPU
		{30BF5B97-5CD0-4690-B4D0-DA495E654A26}.Release|Any CPU.ActiveCfg = Release|Any CPU
		{30BF5B97-5CD0-4690-B4D0-DA495E654A26}.Release|Any CPU.Build.0 = Release|Any CPU
		{61A90493-E795-4BAD-A34E-ED36BEF43B24}.Debug|Any CPU.ActiveCfg = Debug|Any CPU
		{61A90493-E795-4BAD-A34E-ED36BEF43B24}.Debug|Any CPU.Build.0 = Debug|Any CPU
		{61A90493-E795-4BAD-A34E-ED36BEF43B24}.Release|Any CPU.ActiveCfg = Release|Any CPU
		{61A90493-E795-4BAD-A34E-ED36BEF43B24}.Release|Any CPU.Build.0 = Release|Any CPU
		{C72527DF-7E83-4EE5-9B7A-8D8A7D25F3AD}.Debug|Any CPU.ActiveCfg = Debug|Any CPU
		{C72527DF-7E83-4EE5-9B7A-8D8A7D25F3AD}.Debug|Any CPU.Build.0 = Debug|Any CPU
		{C72527DF-7E83-4EE5-9B7A-8D8A7D25F3AD}.Release|Any CPU.ActiveCfg = Release|Any CPU
		{C72527DF-7E83-4EE5-9B7A-8D8A7D25F3AD}.Release|Any CPU.Build.0 = Release|Any CPU
		{4B65425C-7055-4FE2-BAE2-AE1E5B886682}.Debug|Any CPU.ActiveCfg = Debug|Any CPU
		{4B65425C-7055-4FE2-BAE2-AE1E5B886682}.Debug|Any CPU.Build.0 = Debug|Any CPU
		{4B65425C-7055-4FE2-BAE2-AE1E5B886682}.Release|Any CPU.ActiveCfg = Release|Any CPU
		{4B65425C-7055-4FE2-BAE2-AE1E5B886682}.Release|Any CPU.Build.0 = Release|Any CPU
		{970CFF6C-2D06-4457-ABE0-805547D44774}.Debug|Any CPU.ActiveCfg = Debug|Any CPU
		{970CFF6C-2D06-4457-ABE0-805547D44774}.Debug|Any CPU.Build.0 = Debug|Any CPU
		{970CFF6C-2D06-4457-ABE0-805547D44774}.Release|Any CPU.ActiveCfg = Release|Any CPU
		{970CFF6C-2D06-4457-ABE0-805547D44774}.Release|Any CPU.Build.0 = Release|Any CPU
		{47887A69-0995-4B18-B54B-3D9455CEDA20}.Debug|Any CPU.ActiveCfg = Debug|Any CPU
		{47887A69-0995-4B18-B54B-3D9455CEDA20}.Debug|Any CPU.Build.0 = Debug|Any CPU
		{47887A69-0995-4B18-B54B-3D9455CEDA20}.Release|Any CPU.ActiveCfg = Release|Any CPU
		{47887A69-0995-4B18-B54B-3D9455CEDA20}.Release|Any CPU.Build.0 = Release|Any CPU
		{927D9C05-72BA-4781-8844-0B6DE4C312E2}.Debug|Any CPU.ActiveCfg = Debug|Any CPU
		{927D9C05-72BA-4781-8844-0B6DE4C312E2}.Debug|Any CPU.Build.0 = Debug|Any CPU
		{927D9C05-72BA-4781-8844-0B6DE4C312E2}.Release|Any CPU.ActiveCfg = Release|Any CPU
		{927D9C05-72BA-4781-8844-0B6DE4C312E2}.Release|Any CPU.Build.0 = Release|Any CPU
		{466BECF4-FEBE-49E6-B1AC-370422526F36}.Debug|Any CPU.ActiveCfg = Debug|Any CPU
		{466BECF4-FEBE-49E6-B1AC-370422526F36}.Debug|Any CPU.Build.0 = Debug|Any CPU
		{466BECF4-FEBE-49E6-B1AC-370422526F36}.Release|Any CPU.ActiveCfg = Release|Any CPU
		{466BECF4-FEBE-49E6-B1AC-370422526F36}.Release|Any CPU.Build.0 = Release|Any CPU
		{B3203A8F-680A-44C2-90CA-FD8519A5024A}.Debug|Any CPU.ActiveCfg = Debug|Any CPU
		{B3203A8F-680A-44C2-90CA-FD8519A5024A}.Debug|Any CPU.Build.0 = Debug|Any CPU
		{B3203A8F-680A-44C2-90CA-FD8519A5024A}.Release|Any CPU.ActiveCfg = Release|Any CPU
		{B3203A8F-680A-44C2-90CA-FD8519A5024A}.Release|Any CPU.Build.0 = Release|Any CPU
		{27449435-7755-47CA-8BCE-D008AB59EEDA}.Debug|Any CPU.ActiveCfg = Debug|Any CPU
		{27449435-7755-47CA-8BCE-D008AB59EEDA}.Debug|Any CPU.Build.0 = Debug|Any CPU
		{27449435-7755-47CA-8BCE-D008AB59EEDA}.Release|Any CPU.ActiveCfg = Release|Any CPU
		{27449435-7755-47CA-8BCE-D008AB59EEDA}.Release|Any CPU.Build.0 = Release|Any CPU
		{63150B2B-EF96-4758-A820-C2C78A5AD219}.Debug|Any CPU.ActiveCfg = Debug|Any CPU
		{63150B2B-EF96-4758-A820-C2C78A5AD219}.Debug|Any CPU.Build.0 = Debug|Any CPU
		{63150B2B-EF96-4758-A820-C2C78A5AD219}.Release|Any CPU.ActiveCfg = Release|Any CPU
		{63150B2B-EF96-4758-A820-C2C78A5AD219}.Release|Any CPU.Build.0 = Release|Any CPU
		{9029E480-6E54-4B0D-8E9D-B7633E54636D}.Debug|Any CPU.ActiveCfg = Debug|Any CPU
		{9029E480-6E54-4B0D-8E9D-B7633E54636D}.Debug|Any CPU.Build.0 = Debug|Any CPU
		{9029E480-6E54-4B0D-8E9D-B7633E54636D}.Release|Any CPU.ActiveCfg = Release|Any CPU
		{9029E480-6E54-4B0D-8E9D-B7633E54636D}.Release|Any CPU.Build.0 = Release|Any CPU
		{02576F09-A53E-4B54-BB8B-2950F498EF99}.Debug|Any CPU.ActiveCfg = Debug|Any CPU
		{02576F09-A53E-4B54-BB8B-2950F498EF99}.Debug|Any CPU.Build.0 = Debug|Any CPU
		{02576F09-A53E-4B54-BB8B-2950F498EF99}.Release|Any CPU.ActiveCfg = Release|Any CPU
		{02576F09-A53E-4B54-BB8B-2950F498EF99}.Release|Any CPU.Build.0 = Release|Any CPU
		{32EAD39A-99F2-4338-9C2D-4B462CD85D82}.Debug|Any CPU.ActiveCfg = Debug|Any CPU
		{32EAD39A-99F2-4338-9C2D-4B462CD85D82}.Debug|Any CPU.Build.0 = Debug|Any CPU
		{32EAD39A-99F2-4338-9C2D-4B462CD85D82}.Release|Any CPU.ActiveCfg = Release|Any CPU
		{32EAD39A-99F2-4338-9C2D-4B462CD85D82}.Release|Any CPU.Build.0 = Release|Any CPU
		{AB8D9D7A-03FB-4FE0-9073-BB0A7CB3422A}.Debug|Any CPU.ActiveCfg = Debug|Any CPU
		{AB8D9D7A-03FB-4FE0-9073-BB0A7CB3422A}.Debug|Any CPU.Build.0 = Debug|Any CPU
		{AB8D9D7A-03FB-4FE0-9073-BB0A7CB3422A}.Release|Any CPU.ActiveCfg = Release|Any CPU
		{AB8D9D7A-03FB-4FE0-9073-BB0A7CB3422A}.Release|Any CPU.Build.0 = Release|Any CPU
		{B09ED0A5-BD38-4AA1-BF39-2F734D5B5EEB}.Debug|Any CPU.ActiveCfg = Debug|Any CPU
		{B09ED0A5-BD38-4AA1-BF39-2F734D5B5EEB}.Debug|Any CPU.Build.0 = Debug|Any CPU
		{B09ED0A5-BD38-4AA1-BF39-2F734D5B5EEB}.Release|Any CPU.ActiveCfg = Release|Any CPU
		{B09ED0A5-BD38-4AA1-BF39-2F734D5B5EEB}.Release|Any CPU.Build.0 = Release|Any CPU
		{57736DE5-8C4A-49FB-9289-2BE05E5EBB62}.Debug|Any CPU.ActiveCfg = Debug|Any CPU
		{57736DE5-8C4A-49FB-9289-2BE05E5EBB62}.Debug|Any CPU.Build.0 = Debug|Any CPU
		{57736DE5-8C4A-49FB-9289-2BE05E5EBB62}.Release|Any CPU.ActiveCfg = Release|Any CPU
		{57736DE5-8C4A-49FB-9289-2BE05E5EBB62}.Release|Any CPU.Build.0 = Release|Any CPU
		{99812D43-C22D-4D78-881A-E62BB2EB604C}.Debug|Any CPU.ActiveCfg = Debug|Any CPU
		{99812D43-C22D-4D78-881A-E62BB2EB604C}.Debug|Any CPU.Build.0 = Debug|Any CPU
		{99812D43-C22D-4D78-881A-E62BB2EB604C}.Release|Any CPU.ActiveCfg = Release|Any CPU
		{99812D43-C22D-4D78-881A-E62BB2EB604C}.Release|Any CPU.Build.0 = Release|Any CPU
		{BFF0D7E1-8617-42BD-950B-8D859F832077}.Debug|Any CPU.ActiveCfg = Debug|Any CPU
		{BFF0D7E1-8617-42BD-950B-8D859F832077}.Debug|Any CPU.Build.0 = Debug|Any CPU
		{BFF0D7E1-8617-42BD-950B-8D859F832077}.Release|Any CPU.ActiveCfg = Release|Any CPU
		{BFF0D7E1-8617-42BD-950B-8D859F832077}.Release|Any CPU.Build.0 = Release|Any CPU
		{F7BD2721-4428-45EA-A341-5B8F3A441C1B}.Debug|Any CPU.ActiveCfg = Debug|Any CPU
		{F7BD2721-4428-45EA-A341-5B8F3A441C1B}.Debug|Any CPU.Build.0 = Debug|Any CPU
		{F7BD2721-4428-45EA-A341-5B8F3A441C1B}.Release|Any CPU.ActiveCfg = Release|Any CPU
		{F7BD2721-4428-45EA-A341-5B8F3A441C1B}.Release|Any CPU.Build.0 = Release|Any CPU
		{1968B5E5-84B5-4557-B33A-BF727E32B5BC}.Debug|Any CPU.ActiveCfg = Debug|Any CPU
		{1968B5E5-84B5-4557-B33A-BF727E32B5BC}.Debug|Any CPU.Build.0 = Debug|Any CPU
		{1968B5E5-84B5-4557-B33A-BF727E32B5BC}.Release|Any CPU.ActiveCfg = Release|Any CPU
		{1968B5E5-84B5-4557-B33A-BF727E32B5BC}.Release|Any CPU.Build.0 = Release|Any CPU
		{E424A8A9-3B89-41F1-8AEB-4A2F86FAD274}.Debug|Any CPU.ActiveCfg = Debug|Any CPU
		{E424A8A9-3B89-41F1-8AEB-4A2F86FAD274}.Debug|Any CPU.Build.0 = Debug|Any CPU
		{E424A8A9-3B89-41F1-8AEB-4A2F86FAD274}.Release|Any CPU.ActiveCfg = Release|Any CPU
		{E424A8A9-3B89-41F1-8AEB-4A2F86FAD274}.Release|Any CPU.Build.0 = Release|Any CPU
		{F51AC757-AD0B-4909-9C56-CC074FC36E1B}.Debug|Any CPU.ActiveCfg = Debug|Any CPU
		{F51AC757-AD0B-4909-9C56-CC074FC36E1B}.Debug|Any CPU.Build.0 = Debug|Any CPU
		{F51AC757-AD0B-4909-9C56-CC074FC36E1B}.Release|Any CPU.ActiveCfg = Release|Any CPU
		{F51AC757-AD0B-4909-9C56-CC074FC36E1B}.Release|Any CPU.Build.0 = Release|Any CPU
		{5E047CBB-1D82-4E2C-A127-D2CE7D3D15EE}.Debug|Any CPU.ActiveCfg = Debug|Any CPU
		{5E047CBB-1D82-4E2C-A127-D2CE7D3D15EE}.Debug|Any CPU.Build.0 = Debug|Any CPU
		{5E047CBB-1D82-4E2C-A127-D2CE7D3D15EE}.Release|Any CPU.ActiveCfg = Release|Any CPU
		{5E047CBB-1D82-4E2C-A127-D2CE7D3D15EE}.Release|Any CPU.Build.0 = Release|Any CPU
		{0B53AB55-38A7-4F8B-8B75-442B16F0AB9E}.Debug|Any CPU.ActiveCfg = Debug|Any CPU
		{0B53AB55-38A7-4F8B-8B75-442B16F0AB9E}.Debug|Any CPU.Build.0 = Debug|Any CPU
		{0B53AB55-38A7-4F8B-8B75-442B16F0AB9E}.Release|Any CPU.ActiveCfg = Release|Any CPU
		{0B53AB55-38A7-4F8B-8B75-442B16F0AB9E}.Release|Any CPU.Build.0 = Release|Any CPU
		{A8F34E0C-91B9-475C-9899-B1BBB64E88FE}.Debug|Any CPU.ActiveCfg = Debug|Any CPU
		{A8F34E0C-91B9-475C-9899-B1BBB64E88FE}.Debug|Any CPU.Build.0 = Debug|Any CPU
		{A8F34E0C-91B9-475C-9899-B1BBB64E88FE}.Release|Any CPU.ActiveCfg = Release|Any CPU
		{A8F34E0C-91B9-475C-9899-B1BBB64E88FE}.Release|Any CPU.Build.0 = Release|Any CPU
		{A533D8A2-C46D-4375-8DC6-0874818F0A2D}.Debug|Any CPU.ActiveCfg = Debug|Any CPU
		{A533D8A2-C46D-4375-8DC6-0874818F0A2D}.Debug|Any CPU.Build.0 = Debug|Any CPU
		{A533D8A2-C46D-4375-8DC6-0874818F0A2D}.Release|Any CPU.ActiveCfg = Release|Any CPU
		{A533D8A2-C46D-4375-8DC6-0874818F0A2D}.Release|Any CPU.Build.0 = Release|Any CPU
		{C88570E9-836E-4C07-915B-3CD79AB60A9F}.Debug|Any CPU.ActiveCfg = Debug|Any CPU
		{C88570E9-836E-4C07-915B-3CD79AB60A9F}.Debug|Any CPU.Build.0 = Debug|Any CPU
		{C88570E9-836E-4C07-915B-3CD79AB60A9F}.Release|Any CPU.ActiveCfg = Release|Any CPU
		{C88570E9-836E-4C07-915B-3CD79AB60A9F}.Release|Any CPU.Build.0 = Release|Any CPU
		{0D0E29E4-AE37-4058-8159-E7D67C8DDB9C}.Debug|Any CPU.ActiveCfg = Debug|Any CPU
		{0D0E29E4-AE37-4058-8159-E7D67C8DDB9C}.Debug|Any CPU.Build.0 = Debug|Any CPU
		{0D0E29E4-AE37-4058-8159-E7D67C8DDB9C}.Release|Any CPU.ActiveCfg = Release|Any CPU
		{0D0E29E4-AE37-4058-8159-E7D67C8DDB9C}.Release|Any CPU.Build.0 = Release|Any CPU
		{CD8CBEB6-507B-4758-8A6E-C4A7026E6259}.Debug|Any CPU.ActiveCfg = Debug|Any CPU
		{CD8CBEB6-507B-4758-8A6E-C4A7026E6259}.Debug|Any CPU.Build.0 = Debug|Any CPU
		{CD8CBEB6-507B-4758-8A6E-C4A7026E6259}.Release|Any CPU.ActiveCfg = Release|Any CPU
		{CD8CBEB6-507B-4758-8A6E-C4A7026E6259}.Release|Any CPU.Build.0 = Release|Any CPU
		{D021A1A5-6FC2-4C7C-8E13-9D8228461CD9}.Debug|Any CPU.ActiveCfg = Debug|Any CPU
		{D021A1A5-6FC2-4C7C-8E13-9D8228461CD9}.Debug|Any CPU.Build.0 = Debug|Any CPU
		{D021A1A5-6FC2-4C7C-8E13-9D8228461CD9}.Release|Any CPU.ActiveCfg = Release|Any CPU
		{D021A1A5-6FC2-4C7C-8E13-9D8228461CD9}.Release|Any CPU.Build.0 = Release|Any CPU
		{77BB6516-4E38-4461-8CCD-02C12FF7D0E2}.Debug|Any CPU.ActiveCfg = Debug|Any CPU
		{77BB6516-4E38-4461-8CCD-02C12FF7D0E2}.Debug|Any CPU.Build.0 = Debug|Any CPU
		{77BB6516-4E38-4461-8CCD-02C12FF7D0E2}.Release|Any CPU.ActiveCfg = Release|Any CPU
		{77BB6516-4E38-4461-8CCD-02C12FF7D0E2}.Release|Any CPU.Build.0 = Release|Any CPU
		{517505BA-4E9F-4D73-836A-AC838040157D}.Debug|Any CPU.ActiveCfg = Debug|Any CPU
		{517505BA-4E9F-4D73-836A-AC838040157D}.Debug|Any CPU.Build.0 = Debug|Any CPU
		{517505BA-4E9F-4D73-836A-AC838040157D}.Release|Any CPU.ActiveCfg = Release|Any CPU
		{517505BA-4E9F-4D73-836A-AC838040157D}.Release|Any CPU.Build.0 = Release|Any CPU
		{AEBB4B34-5031-43E4-9A7B-114514B3CE69}.Debug|Any CPU.ActiveCfg = Debug|Any CPU
		{AEBB4B34-5031-43E4-9A7B-114514B3CE69}.Debug|Any CPU.Build.0 = Debug|Any CPU
		{AEBB4B34-5031-43E4-9A7B-114514B3CE69}.Release|Any CPU.ActiveCfg = Release|Any CPU
		{AEBB4B34-5031-43E4-9A7B-114514B3CE69}.Release|Any CPU.Build.0 = Release|Any CPU
		{28D81ADB-0456-4DB3-A93D-5BF4D3C17907}.Debug|Any CPU.ActiveCfg = Debug|Any CPU
		{28D81ADB-0456-4DB3-A93D-5BF4D3C17907}.Debug|Any CPU.Build.0 = Debug|Any CPU
		{28D81ADB-0456-4DB3-A93D-5BF4D3C17907}.Release|Any CPU.ActiveCfg = Release|Any CPU
		{28D81ADB-0456-4DB3-A93D-5BF4D3C17907}.Release|Any CPU.Build.0 = Release|Any CPU
		{9A428E48-F5EB-4B18-A27C-5ABCFFB4433E}.Debug|Any CPU.ActiveCfg = Debug|Any CPU
		{9A428E48-F5EB-4B18-A27C-5ABCFFB4433E}.Debug|Any CPU.Build.0 = Debug|Any CPU
		{9A428E48-F5EB-4B18-A27C-5ABCFFB4433E}.Release|Any CPU.ActiveCfg = Release|Any CPU
		{9A428E48-F5EB-4B18-A27C-5ABCFFB4433E}.Release|Any CPU.Build.0 = Release|Any CPU
		{2C518DBD-B24B-4C62-AC55-6C0D55FF8BD2}.Debug|Any CPU.ActiveCfg = Debug|Any CPU
		{2C518DBD-B24B-4C62-AC55-6C0D55FF8BD2}.Debug|Any CPU.Build.0 = Debug|Any CPU
		{2C518DBD-B24B-4C62-AC55-6C0D55FF8BD2}.Release|Any CPU.ActiveCfg = Release|Any CPU
		{2C518DBD-B24B-4C62-AC55-6C0D55FF8BD2}.Release|Any CPU.Build.0 = Release|Any CPU
		{AF2085B9-DFB3-41C9-8437-37E5B75D3C9C}.Debug|Any CPU.ActiveCfg = Debug|Any CPU
		{AF2085B9-DFB3-41C9-8437-37E5B75D3C9C}.Debug|Any CPU.Build.0 = Debug|Any CPU
		{AF2085B9-DFB3-41C9-8437-37E5B75D3C9C}.Release|Any CPU.ActiveCfg = Release|Any CPU
		{AF2085B9-DFB3-41C9-8437-37E5B75D3C9C}.Release|Any CPU.Build.0 = Release|Any CPU
		{F1C5A946-5740-4B8B-B145-2FE8FD20129A}.Debug|Any CPU.ActiveCfg = Debug|Any CPU
		{F1C5A946-5740-4B8B-B145-2FE8FD20129A}.Debug|Any CPU.Build.0 = Debug|Any CPU
		{F1C5A946-5740-4B8B-B145-2FE8FD20129A}.Release|Any CPU.ActiveCfg = Release|Any CPU
		{F1C5A946-5740-4B8B-B145-2FE8FD20129A}.Release|Any CPU.Build.0 = Release|Any CPU
		{DA8DCA3F-83D8-4848-B574-34DEBB1BEF60}.Debug|Any CPU.ActiveCfg = Debug|Any CPU
		{DA8DCA3F-83D8-4848-B574-34DEBB1BEF60}.Debug|Any CPU.Build.0 = Debug|Any CPU
		{DA8DCA3F-83D8-4848-B574-34DEBB1BEF60}.Release|Any CPU.ActiveCfg = Release|Any CPU
		{DA8DCA3F-83D8-4848-B574-34DEBB1BEF60}.Release|Any CPU.Build.0 = Release|Any CPU
		{C9548F77-08C3-40A3-AF5F-F7272B2B7382}.Debug|Any CPU.ActiveCfg = Debug|Any CPU
		{C9548F77-08C3-40A3-AF5F-F7272B2B7382}.Debug|Any CPU.Build.0 = Debug|Any CPU
		{C9548F77-08C3-40A3-AF5F-F7272B2B7382}.Release|Any CPU.ActiveCfg = Release|Any CPU
		{C9548F77-08C3-40A3-AF5F-F7272B2B7382}.Release|Any CPU.Build.0 = Release|Any CPU
		{F2B3BD3E-28CD-417E-B459-195FE4700AD1}.Debug|Any CPU.ActiveCfg = Debug|Any CPU
		{F2B3BD3E-28CD-417E-B459-195FE4700AD1}.Debug|Any CPU.Build.0 = Debug|Any CPU
		{F2B3BD3E-28CD-417E-B459-195FE4700AD1}.Release|Any CPU.ActiveCfg = Release|Any CPU
		{F2B3BD3E-28CD-417E-B459-195FE4700AD1}.Release|Any CPU.Build.0 = Release|Any CPU
		{23843270-6975-48C7-B558-765B192D2E21}.Debug|Any CPU.ActiveCfg = Debug|Any CPU
		{23843270-6975-48C7-B558-765B192D2E21}.Debug|Any CPU.Build.0 = Debug|Any CPU
		{23843270-6975-48C7-B558-765B192D2E21}.Release|Any CPU.ActiveCfg = Release|Any CPU
		{23843270-6975-48C7-B558-765B192D2E21}.Release|Any CPU.Build.0 = Release|Any CPU
		{9447D5F4-7FFE-451E-80B9-7F51B66AE27F}.Debug|Any CPU.ActiveCfg = Debug|Any CPU
		{9447D5F4-7FFE-451E-80B9-7F51B66AE27F}.Debug|Any CPU.Build.0 = Debug|Any CPU
		{9447D5F4-7FFE-451E-80B9-7F51B66AE27F}.Release|Any CPU.ActiveCfg = Release|Any CPU
		{9447D5F4-7FFE-451E-80B9-7F51B66AE27F}.Release|Any CPU.Build.0 = Release|Any CPU
		{EEF818AF-062E-40A2-95D6-EC19F6518F64}.Debug|Any CPU.ActiveCfg = Debug|Any CPU
		{EEF818AF-062E-40A2-95D6-EC19F6518F64}.Debug|Any CPU.Build.0 = Debug|Any CPU
		{EEF818AF-062E-40A2-95D6-EC19F6518F64}.Release|Any CPU.ActiveCfg = Release|Any CPU
		{EEF818AF-062E-40A2-95D6-EC19F6518F64}.Release|Any CPU.Build.0 = Release|Any CPU
		{00F5F5C0-1D7B-45EB-8F6F-ADA93BE2218F}.Debug|Any CPU.ActiveCfg = Debug|Any CPU
		{00F5F5C0-1D7B-45EB-8F6F-ADA93BE2218F}.Debug|Any CPU.Build.0 = Debug|Any CPU
		{00F5F5C0-1D7B-45EB-8F6F-ADA93BE2218F}.Release|Any CPU.ActiveCfg = Release|Any CPU
		{00F5F5C0-1D7B-45EB-8F6F-ADA93BE2218F}.Release|Any CPU.Build.0 = Release|Any CPU
		{D9887F1D-C555-49FC-9EA4-8A1EB6E7C86D}.Debug|Any CPU.ActiveCfg = Debug|Any CPU
		{D9887F1D-C555-49FC-9EA4-8A1EB6E7C86D}.Debug|Any CPU.Build.0 = Debug|Any CPU
		{D9887F1D-C555-49FC-9EA4-8A1EB6E7C86D}.Release|Any CPU.ActiveCfg = Release|Any CPU
		{D9887F1D-C555-49FC-9EA4-8A1EB6E7C86D}.Release|Any CPU.Build.0 = Release|Any CPU
		{DEF69725-506B-49F9-91AB-4EE10700CBA4}.Debug|Any CPU.ActiveCfg = Debug|Any CPU
		{DEF69725-506B-49F9-91AB-4EE10700CBA4}.Debug|Any CPU.Build.0 = Debug|Any CPU
		{DEF69725-506B-49F9-91AB-4EE10700CBA4}.Release|Any CPU.ActiveCfg = Release|Any CPU
		{DEF69725-506B-49F9-91AB-4EE10700CBA4}.Release|Any CPU.Build.0 = Release|Any CPU
		{D3845B28-F016-4B41-80AD-3FA061B9F152}.Debug|Any CPU.ActiveCfg = Debug|Any CPU
		{D3845B28-F016-4B41-80AD-3FA061B9F152}.Debug|Any CPU.Build.0 = Debug|Any CPU
		{D3845B28-F016-4B41-80AD-3FA061B9F152}.Release|Any CPU.ActiveCfg = Release|Any CPU
		{D3845B28-F016-4B41-80AD-3FA061B9F152}.Release|Any CPU.Build.0 = Release|Any CPU
		{46352FBE-9213-4A9F-B059-9832CE36F9FD}.Debug|Any CPU.ActiveCfg = Debug|Any CPU
		{46352FBE-9213-4A9F-B059-9832CE36F9FD}.Debug|Any CPU.Build.0 = Debug|Any CPU
		{46352FBE-9213-4A9F-B059-9832CE36F9FD}.Release|Any CPU.ActiveCfg = Release|Any CPU
		{46352FBE-9213-4A9F-B059-9832CE36F9FD}.Release|Any CPU.Build.0 = Release|Any CPU
		{1D1E008D-BF2C-4B5C-94D6-AA957A87110C}.Debug|Any CPU.ActiveCfg = Debug|Any CPU
		{1D1E008D-BF2C-4B5C-94D6-AA957A87110C}.Debug|Any CPU.Build.0 = Debug|Any CPU
		{1D1E008D-BF2C-4B5C-94D6-AA957A87110C}.Release|Any CPU.ActiveCfg = Release|Any CPU
		{1D1E008D-BF2C-4B5C-94D6-AA957A87110C}.Release|Any CPU.Build.0 = Release|Any CPU
		{6F779C67-A3CE-4858-8EC9-8FD53DC6C0BB}.Debug|Any CPU.ActiveCfg = Debug|Any CPU
		{6F779C67-A3CE-4858-8EC9-8FD53DC6C0BB}.Debug|Any CPU.Build.0 = Debug|Any CPU
		{6F779C67-A3CE-4858-8EC9-8FD53DC6C0BB}.Release|Any CPU.ActiveCfg = Release|Any CPU
		{6F779C67-A3CE-4858-8EC9-8FD53DC6C0BB}.Release|Any CPU.Build.0 = Release|Any CPU
	EndGlobalSection
	GlobalSection(SolutionProperties) = preSolution
		HideSolutionNode = FALSE
	EndGlobalSection
	GlobalSection(NestedProjects) = preSolution
		{36817409-E534-4FA3-958F-05F68DAF24F7} = {49C861CE-0353-442E-BAB3-46D9424DB4F8}
		{C0AD295F-CBC5-48E1-93FF-C87DBF526DE6} = {49C861CE-0353-442E-BAB3-46D9424DB4F8}
		{22742E6D-4DAC-4629-95E7-E9790645FEB0} = {8148ACF5-556B-418D-A1E9-F57955BDB3E5}
		{6BACF903-2AE3-4C6D-90EC-677B2CD88AC3} = {49C861CE-0353-442E-BAB3-46D9424DB4F8}
		{17456417-A5D7-422D-B631-90B17E967948} = {49C861CE-0353-442E-BAB3-46D9424DB4F8}
		{30BF5B97-5CD0-4690-B4D0-DA495E654A26} = {49C861CE-0353-442E-BAB3-46D9424DB4F8}
		{61A90493-E795-4BAD-A34E-ED36BEF43B24} = {49C861CE-0353-442E-BAB3-46D9424DB4F8}
		{C72527DF-7E83-4EE5-9B7A-8D8A7D25F3AD} = {49C861CE-0353-442E-BAB3-46D9424DB4F8}
		{4B65425C-7055-4FE2-BAE2-AE1E5B886682} = {49C861CE-0353-442E-BAB3-46D9424DB4F8}
		{8148ACF5-556B-418D-A1E9-F57955BDB3E5} = {49C861CE-0353-442E-BAB3-46D9424DB4F8}
		{970CFF6C-2D06-4457-ABE0-805547D44774} = {8148ACF5-556B-418D-A1E9-F57955BDB3E5}
		{4BADE12B-0B23-4008-9C7C-553D199F914B} = {49C861CE-0353-442E-BAB3-46D9424DB4F8}
		{47887A69-0995-4B18-B54B-3D9455CEDA20} = {4BADE12B-0B23-4008-9C7C-553D199F914B}
		{927D9C05-72BA-4781-8844-0B6DE4C312E2} = {49C861CE-0353-442E-BAB3-46D9424DB4F8}
		{466BECF4-FEBE-49E6-B1AC-370422526F36} = {49C861CE-0353-442E-BAB3-46D9424DB4F8}
		{B3203A8F-680A-44C2-90CA-FD8519A5024A} = {49C861CE-0353-442E-BAB3-46D9424DB4F8}
		{27449435-7755-47CA-8BCE-D008AB59EEDA} = {49C861CE-0353-442E-BAB3-46D9424DB4F8}
		{63150B2B-EF96-4758-A820-C2C78A5AD219} = {49C861CE-0353-442E-BAB3-46D9424DB4F8}
		{9029E480-6E54-4B0D-8E9D-B7633E54636D} = {8148ACF5-556B-418D-A1E9-F57955BDB3E5}
		{02576F09-A53E-4B54-BB8B-2950F498EF99} = {8148ACF5-556B-418D-A1E9-F57955BDB3E5}
		{32EAD39A-99F2-4338-9C2D-4B462CD85D82} = {D2DF0BFD-3EB7-4B8F-AF03-1FD40B5C5AED}
		{D2DF0BFD-3EB7-4B8F-AF03-1FD40B5C5AED} = {49C861CE-0353-442E-BAB3-46D9424DB4F8}
		{AB8D9D7A-03FB-4FE0-9073-BB0A7CB3422A} = {AB4F7006-4AAF-4820-9A2E-CCD9BA1F9079}
		{B09ED0A5-BD38-4AA1-BF39-2F734D5B5EEB} = {AB4F7006-4AAF-4820-9A2E-CCD9BA1F9079}
		{57736DE5-8C4A-49FB-9289-2BE05E5EBB62} = {AB4F7006-4AAF-4820-9A2E-CCD9BA1F9079}
		{99812D43-C22D-4D78-881A-E62BB2EB604C} = {AB4F7006-4AAF-4820-9A2E-CCD9BA1F9079}
		{BFF0D7E1-8617-42BD-950B-8D859F832077} = {AB4F7006-4AAF-4820-9A2E-CCD9BA1F9079}
		{F7BD2721-4428-45EA-A341-5B8F3A441C1B} = {AB4F7006-4AAF-4820-9A2E-CCD9BA1F9079}
		{1968B5E5-84B5-4557-B33A-BF727E32B5BC} = {AB4F7006-4AAF-4820-9A2E-CCD9BA1F9079}
		{AB4F7006-4AAF-4820-9A2E-CCD9BA1F9079} = {D2DF0BFD-3EB7-4B8F-AF03-1FD40B5C5AED}
		{1F39B29D-A872-41FE-B755-C3BDF62670F3} = {D2DF0BFD-3EB7-4B8F-AF03-1FD40B5C5AED}
		{323F3763-C0C8-4694-B3DA-D371705F5471} = {D2DF0BFD-3EB7-4B8F-AF03-1FD40B5C5AED}
		{2945FB30-35B9-41AD-90D5-33B4A7188D86} = {D2DF0BFD-3EB7-4B8F-AF03-1FD40B5C5AED}
		{E424A8A9-3B89-41F1-8AEB-4A2F86FAD274} = {CC8FD754-6852-44A0-BF1E-8FC94730C592}
		{F51AC757-AD0B-4909-9C56-CC074FC36E1B} = {CC8FD754-6852-44A0-BF1E-8FC94730C592}
		{CC8FD754-6852-44A0-BF1E-8FC94730C592} = {49C861CE-0353-442E-BAB3-46D9424DB4F8}
		{5E047CBB-1D82-4E2C-A127-D2CE7D3D15EE} = {CC8FD754-6852-44A0-BF1E-8FC94730C592}
		{7C347B07-6BF9-4280-97FC-C94F9DAB55D5} = {49C861CE-0353-442E-BAB3-46D9424DB4F8}
		{7A5A8A20-9C90-481B-AC01-A74C704A9605} = {7C347B07-6BF9-4280-97FC-C94F9DAB55D5}
		{0B53AB55-38A7-4F8B-8B75-442B16F0AB9E} = {7A5A8A20-9C90-481B-AC01-A74C704A9605}
		{A8F34E0C-91B9-475C-9899-B1BBB64E88FE} = {7A5A8A20-9C90-481B-AC01-A74C704A9605}
		{A533D8A2-C46D-4375-8DC6-0874818F0A2D} = {3BCFA2D9-FEBD-47AB-9878-2AB3EE659F43}
		{C88570E9-836E-4C07-915B-3CD79AB60A9F} = {7C347B07-6BF9-4280-97FC-C94F9DAB55D5}
		{D9620EBF-4DE1-40F7-A42C-A8B716783303} = {7C347B07-6BF9-4280-97FC-C94F9DAB55D5}
		{0D0E29E4-AE37-4058-8159-E7D67C8DDB9C} = {D9620EBF-4DE1-40F7-A42C-A8B716783303}
		{CD8CBEB6-507B-4758-8A6E-C4A7026E6259} = {D9620EBF-4DE1-40F7-A42C-A8B716783303}
		{26464DFD-1D2D-4D58-ABFF-D68254CE7505} = {49C861CE-0353-442E-BAB3-46D9424DB4F8}
		{D021A1A5-6FC2-4C7C-8E13-9D8228461CD9} = {26464DFD-1D2D-4D58-ABFF-D68254CE7505}
		{77BB6516-4E38-4461-8CCD-02C12FF7D0E2} = {26464DFD-1D2D-4D58-ABFF-D68254CE7505}
		{1B100027-8EB9-4D88-9224-1F86251B9027} = {49C861CE-0353-442E-BAB3-46D9424DB4F8}
		{517505BA-4E9F-4D73-836A-AC838040157D} = {1B100027-8EB9-4D88-9224-1F86251B9027}
		{AEBB4B34-5031-43E4-9A7B-114514B3CE69} = {1B100027-8EB9-4D88-9224-1F86251B9027}
		{A8972857-91EF-4C9F-9ACF-3DF95F15B692} = {49C861CE-0353-442E-BAB3-46D9424DB4F8}
		{28D81ADB-0456-4DB3-A93D-5BF4D3C17907} = {A8972857-91EF-4C9F-9ACF-3DF95F15B692}
		{8FE2D9C4-FBED-4CC6-87D8-C0625602B035} = {476F12A3-5DC6-4C5A-AE93-188CFC8C0EF3}
		{9A428E48-F5EB-4B18-A27C-5ABCFFB4433E} = {3BCFA2D9-FEBD-47AB-9878-2AB3EE659F43}
		{2C518DBD-B24B-4C62-AC55-6C0D55FF8BD2} = {9C8B07C4-416D-4BFE-A8C2-4B3A036CB4CB}
		{AF2085B9-DFB3-41C9-8437-37E5B75D3C9C} = {9C8B07C4-416D-4BFE-A8C2-4B3A036CB4CB}
		{5B556CC4-22DA-4253-BB1F-84D22FF35052} = {9C8B07C4-416D-4BFE-A8C2-4B3A036CB4CB}
		{F1C5A946-5740-4B8B-B145-2FE8FD20129A} = {5B556CC4-22DA-4253-BB1F-84D22FF35052}
		{DA8DCA3F-83D8-4848-B574-34DEBB1BEF60} = {5B556CC4-22DA-4253-BB1F-84D22FF35052}
		{C9548F77-08C3-40A3-AF5F-F7272B2B7382} = {5B556CC4-22DA-4253-BB1F-84D22FF35052}
		{492181FF-2D53-4EA7-9953-898AD401A893} = {9C8B07C4-416D-4BFE-A8C2-4B3A036CB4CB}
		{F2B3BD3E-28CD-417E-B459-195FE4700AD1} = {492181FF-2D53-4EA7-9953-898AD401A893}
		{23843270-6975-48C7-B558-765B192D2E21} = {492181FF-2D53-4EA7-9953-898AD401A893}
		{9447D5F4-7FFE-451E-80B9-7F51B66AE27F} = {492181FF-2D53-4EA7-9953-898AD401A893}
		{6C3D1E03-AFB2-4285-9227-3DFB51EE703F} = {476F12A3-5DC6-4C5A-AE93-188CFC8C0EF3}
		{EEF818AF-062E-40A2-95D6-EC19F6518F64} = {8FE2D9C4-FBED-4CC6-87D8-C0625602B035}
		{00F5F5C0-1D7B-45EB-8F6F-ADA93BE2218F} = {6C3D1E03-AFB2-4285-9227-3DFB51EE703F}
		{D9887F1D-C555-49FC-9EA4-8A1EB6E7C86D} = {6C3D1E03-AFB2-4285-9227-3DFB51EE703F}
		{DEF69725-506B-49F9-91AB-4EE10700CBA4} = {6C3D1E03-AFB2-4285-9227-3DFB51EE703F}
		{D3845B28-F016-4B41-80AD-3FA061B9F152} = {6C3D1E03-AFB2-4285-9227-3DFB51EE703F}
		{46352FBE-9213-4A9F-B059-9832CE36F9FD} = {6C3D1E03-AFB2-4285-9227-3DFB51EE703F}
		{916C07D5-6906-4BD7-B665-1EC43022065F} = {476F12A3-5DC6-4C5A-AE93-188CFC8C0EF3}
		{1D1E008D-BF2C-4B5C-94D6-AA957A87110C} = {916C07D5-6906-4BD7-B665-1EC43022065F}
		{6F779C67-A3CE-4858-8EC9-8FD53DC6C0BB} = {B44B88BC-FC71-4CB7-9BC8-FECC32D0CE14}
	EndGlobalSection
	GlobalSection(ExtensibilityGlobals) = postSolution
		SolutionGuid = {CA9E547A-8C19-4B5D-8597-341FFE028095}
	EndGlobalSection
EndGlobal
